
Microsoft Visual Studio Solution File, Format Version 12.00
# Visual Studio 2013
VisualStudioVersion = 12.0.30110.0
MinimumVisualStudioVersion = 10.0.40219.1
Project("{FAE04EC0-301F-11D3-BF4B-00C04F79EFBC}") = "AutoRotateImages", "AutoRotateImages\AutoRotateImages.csproj", "{A3F16DD3-FD55-4006-891C-1E5264774C6A}"
EndProject
Project("{6141683F-8A12-4E36-9623-2EB02B2C2303}") = "AutoRotateSetup", "AutoRotateSetup\AutoRotateSetup.isproj", "{8263FDA9-55D5-4DD4-A2ED-85C692E09CF0}"
EndProject
Project("{6141683F-8A12-4E36-9623-2EB02B2C2303}") = "AutoRotateInstall", "AutoRotateInstall\AutoRotateInstall.isproj", "{AD1FCA8F-FA57-4A30-B027-3C0223178CF6}"
EndProject
Global
	GlobalSection(SolutionConfigurationPlatforms) = preSolution
		CD_ROM|Any CPU = CD_ROM|Any CPU
		Debug|Any CPU = Debug|Any CPU
		DVD-5|Any CPU = DVD-5|Any CPU
		Release|Any CPU = Release|Any CPU
		SingleImage|Any CPU = SingleImage|Any CPU
	EndGlobalSection
	GlobalSection(ProjectConfigurationPlatforms) = postSolution
		{A3F16DD3-FD55-4006-891C-1E5264774C6A}.CD_ROM|Any CPU.ActiveCfg = Release|Any CPU
		{A3F16DD3-FD55-4006-891C-1E5264774C6A}.CD_ROM|Any CPU.Build.0 = Release|Any CPU
		{A3F16DD3-FD55-4006-891C-1E5264774C6A}.Debug|Any CPU.ActiveCfg = Debug|Any CPU
		{A3F16DD3-FD55-4006-891C-1E5264774C6A}.Debug|Any CPU.Build.0 = Debug|Any CPU
		{A3F16DD3-FD55-4006-891C-1E5264774C6A}.DVD-5|Any CPU.ActiveCfg = Debug|Any CPU
		{A3F16DD3-FD55-4006-891C-1E5264774C6A}.DVD-5|Any CPU.Build.0 = Debug|Any CPU
		{A3F16DD3-FD55-4006-891C-1E5264774C6A}.Release|Any CPU.ActiveCfg = Release|Any CPU
		{A3F16DD3-FD55-4006-891C-1E5264774C6A}.Release|Any CPU.Build.0 = Release|Any CPU
		{A3F16DD3-FD55-4006-891C-1E5264774C6A}.SingleImage|Any CPU.ActiveCfg = Release|Any CPU
		{A3F16DD3-FD55-4006-891C-1E5264774C6A}.SingleImage|Any CPU.Build.0 = Release|Any CPU
		{8263FDA9-55D5-4DD4-A2ED-85C692E09CF0}.CD_ROM|Any CPU.ActiveCfg = CD_ROM
		{8263FDA9-55D5-4DD4-A2ED-85C692E09CF0}.CD_ROM|Any CPU.Build.0 = CD_ROM
		{8263FDA9-55D5-4DD4-A2ED-85C692E09CF0}.Debug|Any CPU.ActiveCfg = DVD-5
		{8263FDA9-55D5-4DD4-A2ED-85C692E09CF0}.Debug|Any CPU.Build.0 = DVD-5
		{8263FDA9-55D5-4DD4-A2ED-85C692E09CF0}.DVD-5|Any CPU.ActiveCfg = DVD-5
		{8263FDA9-55D5-4DD4-A2ED-85C692E09CF0}.DVD-5|Any CPU.Build.0 = DVD-5
		{8263FDA9-55D5-4DD4-A2ED-85C692E09CF0}.Release|Any CPU.ActiveCfg = SingleImage
		{8263FDA9-55D5-4DD4-A2ED-85C692E09CF0}.Release|Any CPU.Build.0 = SingleImage
		{8263FDA9-55D5-4DD4-A2ED-85C692E09CF0}.SingleImage|Any CPU.ActiveCfg = SingleImage
		{8263FDA9-55D5-4DD4-A2ED-85C692E09CF0}.SingleImage|Any CPU.Build.0 = SingleImage
		{AD1FCA8F-FA57-4A30-B027-3C0223178CF6}.CD_ROM|Any CPU.ActiveCfg = CD_ROM
		{AD1FCA8F-FA57-4A30-B027-3C0223178CF6}.CD_ROM|Any CPU.Build.0 = CD_ROM
		{AD1FCA8F-FA57-4A30-B027-3C0223178CF6}.Debug|Any CPU.ActiveCfg = DVD-5
		{AD1FCA8F-FA57-4A30-B027-3C0223178CF6}.Debug|Any CPU.Build.0 = DVD-5
		{AD1FCA8F-FA57-4A30-B027-3C0223178CF6}.DVD-5|Any CPU.ActiveCfg = DVD-5
		{AD1FCA8F-FA57-4A30-B027-3C0223178CF6}.DVD-5|Any CPU.Build.0 = DVD-5
		{AD1FCA8F-FA57-4A30-B027-3C0223178CF6}.Release|Any CPU.ActiveCfg = SingleImage
		{AD1FCA8F-FA57-4A30-B027-3C0223178CF6}.Release|Any CPU.Build.0 = SingleImage
		{AD1FCA8F-FA57-4A30-B027-3C0223178CF6}.SingleImage|Any CPU.ActiveCfg = SingleImage
		{AD1FCA8F-FA57-4A30-B027-3C0223178CF6}.SingleImage|Any CPU.Build.0 = SingleImage
	EndGlobalSection
	GlobalSection(SolutionProperties) = preSolution
		HideSolutionNode = FALSE
	EndGlobalSection
EndGlobal
